
Microsoft Visual Studio Solution File, Format Version 12.00
# Visual Studio 15
VisualStudioVersion = 15.0.26730.15
MinimumVisualStudioVersion = 10.0.40219.1
Project("{2150E333-8FDC-42A3-9474-1A3956D46DE8}") = "Web", "Web", "{AAC4C93E-AEE7-479F-B857-C9DEF02F4357}"
EndProject
Project("{2150E333-8FDC-42A3-9474-1A3956D46DE8}") = "Business", "Business", "{5B64B892-A797-4136-8AB0-33B039A7E7EA}"
EndProject
Project("{2150E333-8FDC-42A3-9474-1A3956D46DE8}") = "Data", "Data", "{2CFE59FD-1C8A-46C0-ADB8-D6F907CDFE40}"
EndProject
Project("{2150E333-8FDC-42A3-9474-1A3956D46DE8}") = "Crosscutting", "Crosscutting", "{070F7199-D0AA-42F3-ABF0-7BCD7403B8CB}"
EndProject
Project("{2150E333-8FDC-42A3-9474-1A3956D46DE8}") = "Test", "Test", "{F4C23580-8290-435F-ABAC-CEB264215769}"
EndProject
Project("{9A19103F-16F7-4668-BE54-9A1E7A4F7556}") = "Template.Web", "Template.Web\Template.Web.csproj", "{D7265464-36AC-4097-8E40-9CF9AED0CC89}"
EndProject
Project("{FAE04EC0-301F-11D3-BF4B-00C04F79EFBC}") = "Template.Business", "Template.Business\Template.Business.csproj", "{530ACD93-EA23-499E-A20A-0EB8E8F85EE7}"
EndProject
Project("{FAE04EC0-301F-11D3-BF4B-00C04F79EFBC}") = "Template.Model", "Template.Model\Template.Model.csproj", "{EF9F646D-827B-4558-A3EB-F97C89E72C5B}"
EndProject
Project("{FAE04EC0-301F-11D3-BF4B-00C04F79EFBC}") = "Template.Shared", "Template.Shared\Template.Shared.csproj", "{BD037095-22C4-41A1-9705-8A902689AD18}"
EndProject
Project("{FAE04EC0-301F-11D3-BF4B-00C04F79EFBC}") = "Template.Interface", "Template.Interface\Template.Interface.csproj", "{6BCDBC61-1D06-4AC7-9958-9500517D773B}"
EndProject
Project("{FAE04EC0-301F-11D3-BF4B-00C04F79EFBC}") = "Template.Integration", "Template.Integration\Template.Integration.csproj", "{A0354B92-6022-4674-A200-CE6A2EC984D4}"
EndProject
Project("{FAE04EC0-301F-11D3-BF4B-00C04F79EFBC}") = "Template.Mock", "Template.Mock\Template.Mock.csproj", "{726B4B10-E12C-42FE-A790-B1DADD68C32A}"
EndProject
Project("{FAE04EC0-301F-11D3-BF4B-00C04F79EFBC}") = "Template.Business.Test", "Template.Business.Test\Template.Business.Test.csproj", "{8FA1ACDC-7B61-4214-A8E2-7C0D23D1E209}"
EndProject
Project("{FAE04EC0-301F-11D3-BF4B-00C04F79EFBC}") = "Template.Shared.Test", "Template.Shared.Test\Template.Shared.Test.csproj", "{06E15D66-87AB-4F06-8957-3E96E65C06FD}"
EndProject
Project("{FAE04EC0-301F-11D3-BF4B-00C04F79EFBC}") = "Template.Mock.Test", "Template.Mock.Test\Template.Mock.Test.csproj", "{7F2BC5FB-6727-4620-A9EF-ECABE36B11CA}"
EndProject
Project("{FAE04EC0-301F-11D3-BF4B-00C04F79EFBC}") = "Template.Integration.Test", "Template.Integration.Test\Template.Integration.Test.csproj", "{EC66AD09-A64B-40A4-8EE7-A67B7F75F738}"
EndProject
Project("{FAE04EC0-301F-11D3-BF4B-00C04F79EFBC}") = "Template.Api", "Template.Api\Template.Api.csproj", "{2E56430F-E3B6-44C1-B94B-0E0362F18186}"
EndProject
Project("{FAE04EC0-301F-11D3-BF4B-00C04F79EFBC}") = "Template.Auth", "Template.Auth\Template.Auth.csproj", "{1BEBD52A-B48F-431E-A427-9FB800212D77}"
EndProject
Project("{2150E333-8FDC-42A3-9474-1A3956D46DE8}") = "Solution Items", "Solution Items", "{98800699-7D12-41C0-9F6C-01A923987B46}"
	ProjectSection(SolutionItems) = preProject
		.gitignore = .gitignore
	EndProjectSection
EndProject
Global
	GlobalSection(SolutionConfigurationPlatforms) = preSolution
		Debug|Any CPU = Debug|Any CPU
		Release|Any CPU = Release|Any CPU
	EndGlobalSection
	GlobalSection(ProjectConfigurationPlatforms) = postSolution
		{D7265464-36AC-4097-8E40-9CF9AED0CC89}.Debug|Any CPU.ActiveCfg = Debug|Any CPU
		{D7265464-36AC-4097-8E40-9CF9AED0CC89}.Debug|Any CPU.Build.0 = Debug|Any CPU
		{D7265464-36AC-4097-8E40-9CF9AED0CC89}.Release|Any CPU.ActiveCfg = Release|Any CPU
		{D7265464-36AC-4097-8E40-9CF9AED0CC89}.Release|Any CPU.Build.0 = Release|Any CPU
		{530ACD93-EA23-499E-A20A-0EB8E8F85EE7}.Debug|Any CPU.ActiveCfg = Debug|Any CPU
		{530ACD93-EA23-499E-A20A-0EB8E8F85EE7}.Debug|Any CPU.Build.0 = Debug|Any CPU
		{530ACD93-EA23-499E-A20A-0EB8E8F85EE7}.Release|Any CPU.ActiveCfg = Release|Any CPU
		{530ACD93-EA23-499E-A20A-0EB8E8F85EE7}.Release|Any CPU.Build.0 = Release|Any CPU
		{EF9F646D-827B-4558-A3EB-F97C89E72C5B}.Debug|Any CPU.ActiveCfg = Debug|Any CPU
		{EF9F646D-827B-4558-A3EB-F97C89E72C5B}.Debug|Any CPU.Build.0 = Debug|Any CPU
		{EF9F646D-827B-4558-A3EB-F97C89E72C5B}.Release|Any CPU.ActiveCfg = Release|Any CPU
		{EF9F646D-827B-4558-A3EB-F97C89E72C5B}.Release|Any CPU.Build.0 = Release|Any CPU
		{BD037095-22C4-41A1-9705-8A902689AD18}.Debug|Any CPU.ActiveCfg = Debug|Any CPU
		{BD037095-22C4-41A1-9705-8A902689AD18}.Debug|Any CPU.Build.0 = Debug|Any CPU
		{BD037095-22C4-41A1-9705-8A902689AD18}.Release|Any CPU.ActiveCfg = Release|Any CPU
		{BD037095-22C4-41A1-9705-8A902689AD18}.Release|Any CPU.Build.0 = Release|Any CPU
		{6BCDBC61-1D06-4AC7-9958-9500517D773B}.Debug|Any CPU.ActiveCfg = Debug|Any CPU
		{6BCDBC61-1D06-4AC7-9958-9500517D773B}.Debug|Any CPU.Build.0 = Debug|Any CPU
		{6BCDBC61-1D06-4AC7-9958-9500517D773B}.Release|Any CPU.ActiveCfg = Release|Any CPU
		{6BCDBC61-1D06-4AC7-9958-9500517D773B}.Release|Any CPU.Build.0 = Release|Any CPU
		{A0354B92-6022-4674-A200-CE6A2EC984D4}.Debug|Any CPU.ActiveCfg = Debug|Any CPU
		{A0354B92-6022-4674-A200-CE6A2EC984D4}.Debug|Any CPU.Build.0 = Debug|Any CPU
		{A0354B92-6022-4674-A200-CE6A2EC984D4}.Release|Any CPU.ActiveCfg = Release|Any CPU
		{A0354B92-6022-4674-A200-CE6A2EC984D4}.Release|Any CPU.Build.0 = Release|Any CPU
		{726B4B10-E12C-42FE-A790-B1DADD68C32A}.Debug|Any CPU.ActiveCfg = Debug|Any CPU
		{726B4B10-E12C-42FE-A790-B1DADD68C32A}.Debug|Any CPU.Build.0 = Debug|Any CPU
		{726B4B10-E12C-42FE-A790-B1DADD68C32A}.Release|Any CPU.ActiveCfg = Release|Any CPU
		{726B4B10-E12C-42FE-A790-B1DADD68C32A}.Release|Any CPU.Build.0 = Release|Any CPU
		{8FA1ACDC-7B61-4214-A8E2-7C0D23D1E209}.Debug|Any CPU.ActiveCfg = Debug|Any CPU
		{8FA1ACDC-7B61-4214-A8E2-7C0D23D1E209}.Debug|Any CPU.Build.0 = Debug|Any CPU
		{8FA1ACDC-7B61-4214-A8E2-7C0D23D1E209}.Release|Any CPU.ActiveCfg = Release|Any CPU
		{8FA1ACDC-7B61-4214-A8E2-7C0D23D1E209}.Release|Any CPU.Build.0 = Release|Any CPU
		{06E15D66-87AB-4F06-8957-3E96E65C06FD}.Debug|Any CPU.ActiveCfg = Debug|Any CPU
		{06E15D66-87AB-4F06-8957-3E96E65C06FD}.Debug|Any CPU.Build.0 = Debug|Any CPU
		{06E15D66-87AB-4F06-8957-3E96E65C06FD}.Release|Any CPU.ActiveCfg = Release|Any CPU
		{06E15D66-87AB-4F06-8957-3E96E65C06FD}.Release|Any CPU.Build.0 = Release|Any CPU
		{7F2BC5FB-6727-4620-A9EF-ECABE36B11CA}.Debug|Any CPU.ActiveCfg = Debug|Any CPU
		{7F2BC5FB-6727-4620-A9EF-ECABE36B11CA}.Debug|Any CPU.Build.0 = Debug|Any CPU
		{7F2BC5FB-6727-4620-A9EF-ECABE36B11CA}.Release|Any CPU.ActiveCfg = Release|Any CPU
		{7F2BC5FB-6727-4620-A9EF-ECABE36B11CA}.Release|Any CPU.Build.0 = Release|Any CPU
		{EC66AD09-A64B-40A4-8EE7-A67B7F75F738}.Debug|Any CPU.ActiveCfg = Debug|Any CPU
		{EC66AD09-A64B-40A4-8EE7-A67B7F75F738}.Debug|Any CPU.Build.0 = Debug|Any CPU
		{EC66AD09-A64B-40A4-8EE7-A67B7F75F738}.Release|Any CPU.ActiveCfg = Release|Any CPU
		{EC66AD09-A64B-40A4-8EE7-A67B7F75F738}.Release|Any CPU.Build.0 = Release|Any CPU
		{2E56430F-E3B6-44C1-B94B-0E0362F18186}.Debug|Any CPU.ActiveCfg = Debug|Any CPU
		{2E56430F-E3B6-44C1-B94B-0E0362F18186}.Debug|Any CPU.Build.0 = Debug|Any CPU
		{2E56430F-E3B6-44C1-B94B-0E0362F18186}.Release|Any CPU.ActiveCfg = Release|Any CPU
		{2E56430F-E3B6-44C1-B94B-0E0362F18186}.Release|Any CPU.Build.0 = Release|Any CPU
		{1BEBD52A-B48F-431E-A427-9FB800212D77}.Debug|Any CPU.ActiveCfg = Debug|Any CPU
		{1BEBD52A-B48F-431E-A427-9FB800212D77}.Debug|Any CPU.Build.0 = Debug|Any CPU
		{1BEBD52A-B48F-431E-A427-9FB800212D77}.Release|Any CPU.ActiveCfg = Release|Any CPU
		{1BEBD52A-B48F-431E-A427-9FB800212D77}.Release|Any CPU.Build.0 = Release|Any CPU
	EndGlobalSection
	GlobalSection(SolutionProperties) = preSolution
		HideSolutionNode = FALSE
	EndGlobalSection
	GlobalSection(NestedProjects) = preSolution
		{D7265464-36AC-4097-8E40-9CF9AED0CC89} = {AAC4C93E-AEE7-479F-B857-C9DEF02F4357}
		{530ACD93-EA23-499E-A20A-0EB8E8F85EE7} = {5B64B892-A797-4136-8AB0-33B039A7E7EA}
		{EF9F646D-827B-4558-A3EB-F97C89E72C5B} = {5B64B892-A797-4136-8AB0-33B039A7E7EA}
		{BD037095-22C4-41A1-9705-8A902689AD18} = {070F7199-D0AA-42F3-ABF0-7BCD7403B8CB}
		{6BCDBC61-1D06-4AC7-9958-9500517D773B} = {070F7199-D0AA-42F3-ABF0-7BCD7403B8CB}
		{A0354B92-6022-4674-A200-CE6A2EC984D4} = {2CFE59FD-1C8A-46C0-ADB8-D6F907CDFE40}
		{726B4B10-E12C-42FE-A790-B1DADD68C32A} = {2CFE59FD-1C8A-46C0-ADB8-D6F907CDFE40}
		{8FA1ACDC-7B61-4214-A8E2-7C0D23D1E209} = {F4C23580-8290-435F-ABAC-CEB264215769}
		{06E15D66-87AB-4F06-8957-3E96E65C06FD} = {F4C23580-8290-435F-ABAC-CEB264215769}
		{7F2BC5FB-6727-4620-A9EF-ECABE36B11CA} = {F4C23580-8290-435F-ABAC-CEB264215769}
		{EC66AD09-A64B-40A4-8EE7-A67B7F75F738} = {F4C23580-8290-435F-ABAC-CEB264215769}
		{2E56430F-E3B6-44C1-B94B-0E0362F18186} = {AAC4C93E-AEE7-479F-B857-C9DEF02F4357}
		{1BEBD52A-B48F-431E-A427-9FB800212D77} = {AAC4C93E-AEE7-479F-B857-C9DEF02F4357}
	EndGlobalSection
	GlobalSection(ExtensibilityGlobals) = postSolution
		SolutionGuid = {AC7D55F9-1A5F-4AFD-AC46-64223D501ACA}
	EndGlobalSection
EndGlobal
